Microsoft Visual Studio Solution File, Format Version 11.00
# Visual Studio 2008

Project("{0E574B75-7623-96D5-22C5-668263681793}") = "BryansAI_assignment", "Assembly-CSharp-firstpass.csproj", "{CC878B56-4BBA-CB8B-BFA6-D01FC0688F67}"
EndProject
Project("{0E574B75-7623-96D5-22C5-668263681793}") = "BryansAI_assignment", "Assembly-CSharp.csproj", "{81441DF3-AB2B-41FA-CCD6-A227BB4E8980}"
EndProject
Project("{0E574B75-7623-96D5-22C5-668263681793}") = "BryansAI_assignment", "Assembly-UnityScript-firstpass.unityproj", "{7ED97B0A-B7AA-8955-CE86-0BD27703250A}"
EndProject
Global
	GlobalSection(SolutionConfigurationPlatforms) = preSolution
		Debug|Any CPU = Debug|Any CPU
		Release|Any CPU = Release|Any CPU
	EndGlobalSection
	GlobalSection(ProjectConfigurationPlatforms) = postSolution
		{CC878B56-4BBA-CB8B-BFA6-D01FC0688F67}.Debug|Any CPU.ActiveCfg = Debug|Any CPU
		{CC878B56-4BBA-CB8B-BFA6-D01FC0688F67}.Debug|Any CPU.Build.0 = Debug|Any CPU
		{CC878B56-4BBA-CB8B-BFA6-D01FC0688F67}.Release|Any CPU.ActiveCfg = Release|Any CPU
		{CC878B56-4BBA-CB8B-BFA6-D01FC0688F67}.Release|Any CPU.Build.0 = Release|Any CPU
		{81441DF3-AB2B-41FA-CCD6-A227BB4E8980}.Debug|Any CPU.ActiveCfg = Debug|Any CPU
		{81441DF3-AB2B-41FA-CCD6-A227BB4E8980}.Debug|Any CPU.Build.0 = Debug|Any CPU
		{81441DF3-AB2B-41FA-CCD6-A227BB4E8980}.Release|Any CPU.ActiveCfg = Release|Any CPU
		{81441DF3-AB2B-41FA-CCD6-A227BB4E8980}.Release|Any CPU.Build.0 = Release|Any CPU
		{7ED97B0A-B7AA-8955-CE86-0BD27703250A}.Debug|Any CPU.ActiveCfg = Debug|Any CPU
		{7ED97B0A-B7AA-8955-CE86-0BD27703250A}.Debug|Any CPU.Build.0 = Debug|Any CPU
		{7ED97B0A-B7AA-8955-CE86-0BD27703250A}.Release|Any CPU.ActiveCfg = Release|Any CPU
		{7ED97B0A-B7AA-8955-CE86-0BD27703250A}.Release|Any CPU.Build.0 = Release|Any CPU
	EndGlobalSection
	GlobalSection(SolutionProperties) = preSolution
		HideSolutionNode = FALSE
	EndGlobalSection
																																	GlobalSection(MonoDevelopProperties) = preSolution
		StartupItem = Assembly-CSharp.csproj
		Policies = $0
		$0.TextStylePolicy = $1
		$1.inheritsSet = null
		$1.scope = text/x-csharp
		$0.CSharpFormattingPolicy = $2
		$2.inheritsSet = Mono
		$2.inheritsScope = text/x-csharp
		$2.scope = text/x-csharp
		$0.TextStylePolicy = $3
		$3.FileWidth = 120
		$3.TabWidth = 4
		$3.EolMarker = Unix
		$3.inheritsSet = Mono
		$3.inheritsScope = text/plain
		$3.scope = text/plain
	EndGlobalSection

EndGlobal
